
Microsoft Visual Studio Solution File, Format Version 12.00
# Visual Studio Version 16
VisualStudioVersion = 16.0.31624.102
MinimumVisualStudioVersion = 10.0.40219.1
Project("{FAE04EC0-301F-11D3-BF4B-00C04F79EFBC}") = "day_01", "day_01.csproj", "{385D62E6-DF59-4545-A601-45A50125FEEA}"
EndProject
Global
	GlobalSection(SolutionConfigurationPlatforms) = preSolution
		Debug|Any CPU = Debug|Any CPU
		Release|Any CPU = Release|Any CPU
	EndGlobalSection
	GlobalSection(ProjectConfigurationPlatforms) = postSolution
		{385D62E6-DF59-4545-A601-45A50125FEEA}.Debug|Any CPU.ActiveCfg = Debug|Any CPU
		{385D62E6-DF59-4545-A601-45A50125FEEA}.Debug|Any CPU.Build.0 = Debug|Any CPU
		{385D62E6-DF59-4545-A601-45A50125FEEA}.Release|Any CPU.ActiveCfg = Release|Any CPU
		{385D62E6-DF59-4545-A601-45A50125FEEA}.Release|Any CPU.Build.0 = Release|Any CPU
	EndGlobalSection
	GlobalSection(SolutionProperties) = preSolution
		HideSolutionNode = FALSE
	EndGlobalSection
	GlobalSection(ExtensibilityGlobals) = postSolution
		SolutionGuid = {742C2D08-56DC-4C3F-80CB-F8F8870ED976}
	EndGlobalSection
EndGlobal
